
Microsoft Visual Studio Solution File, Format Version 12.00
# Visual Studio Version 17
VisualStudioVersion = 17.7.34221.43
MinimumVisualStudioVersion = 10.0.40219.1
Project("{FAE04EC0-301F-11D3-BF4B-00C04F79EFBC}") = "ExampleApp", "ExampleApp.csproj", "{34D24208-7EA9-4711-AA6F-502C9E907D11}"
EndProject
Global
	GlobalSection(SolutionConfigurationPlatforms) = preSolution
		Debug|Any CPU = Debug|Any CPU
		Release|Any CPU = Release|Any CPU
	EndGlobalSection
	GlobalSection(ProjectConfigurationPlatforms) = postSolution
		{34D24208-7EA9-4711-AA6F-502C9E907D11}.Debug|Any CPU.ActiveCfg = Debug|Any CPU
		{34D24208-7EA9-4711-AA6F-502C9E907D11}.Debug|Any CPU.Build.0 = Debug|Any CPU
		{34D24208-7EA9-4711-AA6F-502C9E907D11}.Release|Any CPU.ActiveCfg = Release|Any CPU
		{34D24208-7EA9-4711-AA6F-502C9E907D11}.Release|Any CPU.Build.0 = Release|Any CPU
	EndGlobalSection
	GlobalSection(SolutionProperties) = preSolution
		HideSolutionNode = FALSE
	EndGlobalSection
	GlobalSection(ExtensibilityGlobals) = postSolution
		SolutionGuid = {5779F025-30F4-4093-BCEA-A6670F29D5D4}
	EndGlobalSection
EndGlobal
